// !$*UTF8*$!
{
	archiveVersion = 1;
	classes = {
	};
	objectVersion = 55;
	objects = {

/* Begin PBXBuildFile section */
		F418ED63279820D90025C7FC /* AppDelegate.swift in Sources */ = {isa = PBXBuildFile; fileRef = F418ED62279820D90025C7FC /* AppDelegate.swift */; };
		F418ED65279820DA0025C7FC /* SceneDelegate.swift in Sources */ = {isa = PBXBuildFile; fileRef = F418ED64279820DA0025C7FC /* SceneDelegate.swift */; };
		F418ED67279820DA0025C7FC /* ViewController.swift in Sources */ = {isa = PBXBuildFile; fileRef = F418ED66279820DA0025C7FC /* ViewController.swift */; };
		F418ED6A279820DA0025C7FC /* Main.storyboard in Resources */ = {isa = PBXBuildFile; fileRef = F418ED68279820DA0025C7FC /* Main.storyboard */; };
		F418ED6C279820EB0025C7FC /* Assets.xcassets in Resources */ = {isa = PBXBuildFile; fileRef = F418ED6B279820EB0025C7FC /* Assets.xcassets */; };
		F418ED6F279820EB0025C7FC /* LaunchScreen.storyboard in Resources */ = {isa = PBXBuildFile; fileRef = F418ED6D279820EB0025C7FC /* LaunchScreen.storyboard */; };
		F4E2DC29279A0EB300F57A1A /* HomeTableViewHeader.xib in Resources */ = {isa = PBXBuildFile; fileRef = F4E2DC28279A0EB100F57A1A /* HomeTableViewHeader.xib */; };
		F4E2DC2B279A122600F57A1A /* HomeTableViewHeader.swift in Sources */ = {isa = PBXBuildFile; fileRef = F4E2DC2A279A122500F57A1A /* HomeTableViewHeader.swift */; };
/* End PBXBuildFile section */

/* Begin PBXFileReference section */
		F418ED5F279820D90025C7FC /* Viagens.app */ = {isa = PBXFileReference; explicitFileType = wrapper.application; includeInIndex = 0; path = Viagens.app; sourceTree = BUILT_PRODUCTS_DIR; };
		F418ED62279820D90025C7FC /* AppDelegate.swift */ = {isa = PBXFileReference; lastKnownFileType = sourcecode.swift; path = AppDelegate.swift; sourceTree = "<group>"; };
		F418ED64279820DA0025C7FC /* SceneDelegate.swift */ = {isa = PBXFileReference; lastKnownFileType = sourcecode.swift; path = SceneDelegate.swift; sourceTree = "<group>"; };
		F418ED66279820DA0025C7FC /* ViewController.swift */ = {isa = PBXFileReference; lastKnownFileType = sourcecode.swift; path = ViewController.swift; sourceTree = "<group>"; };
		F418ED69279820DA0025C7FC /* Base */ = {isa = PBXFileReference; lastKnownFileType = file.storyboard; name = Base; path = Base.lproj/Main.storyboard; sourceTree = "<group>"; };
		F418ED6B279820EB0025C7FC /* Assets.xcassets */ = {isa = PBXFileReference; lastKnownFileType = folder.assetcatalog; path = Assets.xcassets; sourceTree = "<group>"; };
		F418ED6E279820EB0025C7FC /* Base */ = {isa = PBXFileReference; lastKnownFileType = file.storyboard; name = Base; path = Base.lproj/LaunchScreen.storyboard; sourceTree = "<group>"; };
		F418ED70279820EB0025C7FC /* Info.plist */ = {isa = PBXFileReference; lastKnownFileType = text.plist.xml; path = Info.plist; sourceTree = "<group>"; };
		F4E2DC28279A0EB100F57A1A /* HomeTableViewHeader.xib */ = {isa = PBXFileReference; lastKnownFileType = file.xib; path = HomeTableViewHeader.xib; sourceTree = "<group>"; };
		F4E2DC2A279A122500F57A1A /* HomeTableViewHeader.swift */ = {isa = PBXFileReference; lastKnownFileType = sourcecode.swift; path = HomeTableViewHeader.swift; sourceTree = "<group>"; };
/* End PBXFileReference section */

/* Begin PBXFrameworksBuildPhase section */
		F418ED5C279820D90025C7FC /* Frameworks */ = {
			isa = PBXFrameworksBuildPhase;
			buildActionMask = 2147483647;
			files = (
			);
			runOnlyForDeploymentPostprocessing = 0;
		};
/* End PBXFrameworksBuildPhase section */

/* Begin PBXGroup section */
		F418ED56279820D90025C7FC = {
			isa = PBXGroup;
			children = (
				F418ED61279820D90025C7FC /* Viagens */,
				F418ED60279820D90025C7FC /* Products */,
			);
			sourceTree = "<group>";
		};
		F418ED60279820D90025C7FC /* Products */ = {
			isa = PBXGroup;
			children = (
				F418ED5F279820D90025C7FC /* Viagens.app */,
			);
			name = Products;
			sourceTree = "<group>";
		};
		F418ED61279820D90025C7FC /* Viagens */ = {
			isa = PBXGroup;
			children = (
				F4E2DC2C279B939900F57A1A /* AppDelegate */,
				F4E2DC2D279B93CF00F57A1A /* Model */,
				F4E2DC2E279B93EC00F57A1A /* View */,
				F4E2DC30279B945E00F57A1A /* ViewModel */,
				F418ED6B279820EB0025C7FC /* Assets.xcassets */,
				F418ED6D279820EB0025C7FC /* LaunchScreen.storyboard */,
				F418ED70279820EB0025C7FC /* Info.plist */,
			);
			path = Viagens;
			sourceTree = "<group>";
		};
		F4E2DC2C279B939900F57A1A /* AppDelegate */ = {
			isa = PBXGroup;
			children = (
				F418ED62279820D90025C7FC /* AppDelegate.swift */,
				F418ED64279820DA0025C7FC /* SceneDelegate.swift */,
			);
			path = AppDelegate;
			sourceTree = "<group>";
		};
		F4E2DC2D279B93CF00F57A1A /* Model */ = {
			isa = PBXGroup;
			children = (
			);
			path = Model;
			sourceTree = "<group>";
		};
		F4E2DC2E279B93EC00F57A1A /* View */ = {
			isa = PBXGroup;
			children = (
				F418ED66279820DA0025C7FC /* ViewController.swift */,
				F418ED68279820DA0025C7FC /* Main.storyboard */,
				F4E2DC2F279B941B00F57A1A /* Header */,
			);
			path = View;
			sourceTree = "<group>";
		};
		F4E2DC2F279B941B00F57A1A /* Header */ = {
			isa = PBXGroup;
			children = (
				F4E2DC28279A0EB100F57A1A /* HomeTableViewHeader.xib */,
				F4E2DC2A279A122500F57A1A /* HomeTableViewHeader.swift */,
			);
			path = Header;
			sourceTree = "<group>";
		};
		F4E2DC30279B945E00F57A1A /* ViewModel */ = {
			isa = PBXGroup;
			children = (
			);
			path = ViewModel;
			sourceTree = "<group>";
		};
/* End PBXGroup section */

/* Begin PBXNativeTarget section */
		F418ED5E279820D90025C7FC /* Viagens */ = {
			isa = PBXNativeTarget;
			buildConfigurationList = F418ED73279820EB0025C7FC /* Build configuration list for PBXNativeTarget "Viagens" */;
			buildPhases = (
				F418ED5B279820D90025C7FC /* Sources */,
				F418ED5C279820D90025C7FC /* Frameworks */,
				F418ED5D279820D90025C7FC /* Resources */,
			);
			buildRules = (
			);
			dependencies = (
			);
			name = Viagens;
			productName = Viagens;
			productReference = F418ED5F279820D90025C7FC /* Viagens.app */;
			productType = "com.apple.product-type.application";
		};
/* End PBXNativeTarget section */

/* Begin PBXProject section */
		F418ED57279820D90025C7FC /* Project object */ = {
			isa = PBXProject;
			attributes = {
				BuildIndependentTargetsInParallel = 1;
				LastSwiftUpdateCheck = 1320;
				LastUpgradeCheck = 1320;
				TargetAttributes = {
					F418ED5E279820D90025C7FC = {
						CreatedOnToolsVersion = 13.2.1;
					};
				};
			};
			buildConfigurationList = F418ED5A279820D90025C7FC /* Build configuration list for PBXProject "Viagens" */;
			compatibilityVersion = "Xcode 13.0";
			developmentRegion = en;
			hasScannedForEncodings = 0;
			knownRegions = (
				en,
				Base,
			);
			mainGroup = F418ED56279820D90025C7FC;
			productRefGroup = F418ED60279820D90025C7FC /* Products */;
			projectDirPath = "";
			projectRoot = "";
			targets = (
				F418ED5E279820D90025C7FC /* Viagens */,
			);
		};
/* End PBXProject section */

/* Begin PBXResourcesBuildPhase section */
		F418ED5D279820D90025C7FC /* Resources */ = {
			isa = PBXResourcesBuildPhase;
			buildActionMask = 2147483647;
			files = (
				F418ED6F279820EB0025C7FC /* LaunchScreen.storyboard in Resources */,
				F4E2DC29279A0EB300F57A1A /* HomeTableViewHeader.xib in Resources */,
				F418ED6C279820EB0025C7FC /* Assets.xcassets in Resources */,
				F418ED6A279820DA0025C7FC /* Main.storyboard in Resources */,
			);
			runOnlyForDeploymentPostprocessing = 0;
		};
/* End PBXResourcesBuildPhase section */

/* Begin PBXSourcesBuildPhase section */
		F418ED5B279820D90025C7FC /* Sources */ = {
			isa = PBXSourcesBuildPhase;
			buildActionMask = 2147483647;
			files = (
				F418ED67279820DA0025C7FC /* ViewController.swift in Sources */,
				F4E2DC2B279A122600F57A1A /* HomeTableViewHeader.swift in Sources */,
				F418ED63279820D90025C7FC /* AppDelegate.swift in Sources */,
				F418ED65279820DA0025C7FC /* SceneDelegate.swift in Sources */,
			);
			runOnlyForDeploymentPostprocessing = 0;
		};
/* End PBXSourcesBuildPhase section */

/* Begin PBXVariantGroup section */
		F418ED68279820DA0025C7FC /* Main.storyboard */ = {
			isa = PBXVariantGroup;
			children = (
				F418ED69279820DA0025C7FC /* Base */,
			);
			name = Main.storyboard;
			sourceTree = "<group>";
		};
		F418ED6D279820EB0025C7FC /* LaunchScreen.storyboard */ = {
			isa = PBXVariantGroup;
			children = (
				F418ED6E279820EB0025C7FC /* Base */,
			);
			name = LaunchScreen.storyboard;
			sourceTree = "<group>";
		};
/* End PBXVariantGroup section */

/* Begin XCBuildConfiguration section */
		F418ED71279820EB0025C7FC /* Debug */ = {
			isa = XCBuildConfiguration;
			buildSettings = {
				ALWAYS_SEARCH_USER_PATHS = NO;
				CLANG_ANALYZER_NONNULL = YES;
				CLANG_ANALYZER_NUMBER_OBJECT_CONVERSION = YES_AGGRESSIVE;
				CLANG_CXX_LANGUAGE_STANDARD = "gnu++17";
				CLANG_CXX_LIBRARY = "libc++";
				CLANG_ENABLE_MODULES = YES;
				CLANG_ENABLE_OBJC_ARC = YES;
				CLANG_ENABLE_OBJC_WEAK = YES;
				CLANG_WARN_BLOCK_CAPTURE_AUTORELEASING = YES;
				CLANG_WARN_BOOL_CONVERSION = YES;
				CLANG_WARN_COMMA = YES;
				CLANG_WARN_CONSTANT_CONVERSION = YES;
				CLANG_WARN_DEPRECATED_OBJC_IMPLEMENTATIONS = YES;
				CLANG_WARN_DIRECT_OBJC_ISA_USAGE = YES_ERROR;
				CLANG_WARN_DOCUMENTATION_COMMENTS = YES;
				CLANG_WARN_EMPTY_BODY = YES;
				CLANG_WARN_ENUM_CONVERSION = YES;
				CLANG_WARN_INFINITE_RECURSION = YES;
				CLANG_WARN_INT_CONVERSION = YES;
				CLANG_WARN_NON_LITERAL_NULL_CONVERSION = YES;
				CLANG_WARN_OBJC_IMPLICIT_RETAIN_SELF = YES;
				CLANG_WARN_OBJC_LITERAL_CONVERSION = YES;
				CLANG_WARN_OBJC_ROOT_CLASS = YES_ERROR;
				CLANG_WARN_QUOTED_INCLUDE_IN_FRAMEWORK_HEADER = YES;
				CLANG_WARN_RANGE_LOOP_ANALYSIS = YES;
				CLANG_WARN_STRICT_PROTOTYPES = YES;
				CLANG_WARN_SUSPICIOUS_MOVE = YES;
				CLANG_WARN_UNGUARDED_AVAILABILITY = YES_AGGRESSIVE;
				CLANG_WARN_UNREACHABLE_CODE = YES;
				CLANG_WARN__DUPLICATE_METHOD_MATCH = YES;
				COPY_PHASE_STRIP = NO;
				DEBUG_INFORMATION_FORMAT = dwarf;
				ENABLE_STRICT_OBJC_MSGSEND = YES;
				ENABLE_TESTABILITY = YES;
				GCC_C_LANGUAGE_STANDARD = gnu11;
				GCC_DYNAMIC_NO_PIC = NO;
				GCC_NO_COMMON_BLOCKS = YES;
				GCC_OPTIMIZATION_LEVEL = 0;
				GCC_PREPROCESSOR_DEFINITIONS = (
					"DEBUG=1",
					"$(inherited)",
				);
				GCC_WARN_64_TO_32_BIT_CONVERSION = YES;
				GCC_WARN_ABOUT_RETURN_TYPE = YES_ERROR;
				GCC_WARN_UNDECLARED_SELECTOR = YES;
				GCC_WARN_UNINITIALIZED_AUTOS = YES_AGGRESSIVE;
				GCC_WARN_UNUSED_FUNCTION = YES;
				GCC_WARN_UNUSED_VARIABLE = YES;
				IPHONEOS_DEPLOYMENT_TARGET = 15.2;
				MTL_ENABLE_DEBUG_INFO = INCLUDE_SOURCE;
				MTL_FAST_MATH = YES;
				ONLY_ACTIVE_ARCH = YES;
				SDKROOT = iphoneos;
				SWIFT_ACTIVE_COMPILATION_CONDITIONS = DEBUG;
				SWIFT_OPTIMIZATION_LEVEL = "-Onone";
			};
			name = Debug;
		};
		F418ED72279820EB0025C7FC /* Release */ = {
			isa = XCBuildConfiguration;
			buildSettings = {
				ALWAYS_SEARCH_USER_PATHS = NO;
				CLANG_ANALYZER_NONNULL = YES;
				CLANG_ANALYZER_NUMBER_OBJECT_CONVERSION = YES_AGGRESSIVE;
				CLANG_CXX_LANGUAGE_STANDARD = "gnu++17";
				CLANG_CXX_LIBRARY = "libc++";
				CLANG_ENABLE_MODULES = YES;
				CLANG_ENABLE_OBJC_ARC = YES;
				CLANG_ENABLE_OBJC_WEAK = YES;
				CLANG_WARN_BLOCK_CAPTURE_AUTORELEASING = YES;
				CLANG_WARN_BOOL_CONVERSION = YES;
				CLANG_WARN_COMMA = YES;
				CLANG_WARN_CONSTANT_CONVERSION = YES;
				CLANG_WARN_DEPRECATED_OBJC_IMPLEMENTATIONS = YES;
				CLANG_WARN_DIRECT_OBJC_ISA_USAGE = YES_ERROR;
				CLANG_WARN_DOCUMENTATION_COMMENTS = YES;
				CLANG_WARN_EMPTY_BODY = YES;
				CLANG_WARN_ENUM_CONVERSION = YES;
				CLANG_WARN_INFINITE_RECURSION = YES;
				CLANG_WARN_INT_CONVERSION = YES;
				CLANG_WARN_NON_LITERAL_NULL_CONVERSION = YES;
				CLANG_WARN_OBJC_IMPLICIT_RETAIN_SELF = YES;
				CLANG_WARN_OBJC_LITERAL_CONVERSION = YES;
				CLANG_WARN_OBJC_ROOT_CLASS = YES_ERROR;
				CLANG_WARN_QUOTED_INCLUDE_IN_FRAMEWORK_HEADER = YES;
				CLANG_WARN_RANGE_LOOP_ANALYSIS = YES;
				CLANG_WARN_STRICT_PROTOTYPES = YES;
				CLANG_WARN_SUSPICIOUS_MOVE = YES;
				CLANG_WARN_UNGUARDED_AVAILABILITY = YES_AGGRESSIVE;
				CLANG_WARN_UNREACHABLE_CODE = YES;
				CLANG_WARN__DUPLICATE_METHOD_MATCH = YES;
				COPY_PHASE_STRIP = NO;
				DEBUG_INFORMATION_FORMAT = "dwarf-with-dsym";
				ENABLE_NS_ASSERTIONS = NO;
				ENABLE_STRICT_OBJC_MSGSEND = YES;
				GCC_C_LANGUAGE_STANDARD = gnu11;
				GCC_NO_COMMON_BLOCKS = YES;
				GCC_WARN_64_TO_32_BIT_CONVERSION = YES;
				GCC_WARN_ABOUT_RETURN_TYPE = YES_ERROR;
				GCC_WARN_UNDECLARED_SELECTOR = YES;
				GCC_WARN_UNINITIALIZED_AUTOS = YES_AGGRESSIVE;
				GCC_WARN_UNUSED_FUNCTION = YES;
				GCC_WARN_UNUSED_VARIABLE = YES;
				IPHONEOS_DEPLOYMENT_TARGET = 15.2;
				MTL_ENABLE_DEBUG_INFO = NO;
				MTL_FAST_MATH = YES;
				SDKROOT = iphoneos;
				SWIFT_COMPILATION_MODE = wholemodule;
				SWIFT_OPTIMIZATION_LEVEL = "-O";
				VALIDATE_PRODUCT = YES;
			};
			name = Release;
		};
		F418ED74279820EB0025C7FC /* Debug */ = {
			isa = XCBuildConfiguration;
			buildSettings = {
				ASSETCATALOG_COMPILER_APPICON_NAME = AppIcon;
				ASSETCATALOG_COMPILER_GLOBAL_ACCENT_COLOR_NAME = AccentColor;
				CODE_SIGN_STYLE = Automatic;
				CURRENT_PROJECT_VERSION = 1;
				DEVELOPMENT_TEAM = PLV5U7588B;
				GENERATE_INFOPLIST_FILE = YES;
				INFOPLIST_FILE = Viagens/Info.plist;
				INFOPLIST_KEY_UIApplicationSupportsIndirectInputEvents = YES;
				INFOPLIST_KEY_UILaunchStoryboardName = LaunchScreen;
				INFOPLIST_KEY_UIMainStoryboardFile = Main;
				INFOPLIST_KEY_UISupportedInterfaceOrientations_iPad = "UIInterfaceOrientationPortrait UIInterfaceOrientationPortraitUpsideDown UIInterfaceOrientationLandscapeLeft UIInterfaceOrientationLandscapeRight";
				INFOPLIST_KEY_UISupportedInterfaceOrientations_iPhone = "UIInterfaceOrientationPortrait UIInterfaceOrientationLandscapeLeft UIInterfaceOrientationLandscapeRight";
				LD_RUNPATH_SEARCH_PATHS = (
					"$(inherited)",
					"@executable_path/Frameworks",
				);
				MARKETING_VERSION = 1.0;
				PRODUCT_BUNDLE_IDENTIFIER = com.brunocassiano.Viagens;
				PRODUCT_NAME = "$(TARGET_NAME)";
				SWIFT_EMIT_LOC_STRINGS = YES;
				SWIFT_VERSION = 5.0;
				TARGETED_DEVICE_FAMILY = "1,2";
			};
			name = Debug;
		};
		F418ED75279820EB0025C7FC /* Release */ = {
			isa = XCBuildConfiguration;
			buildSettings = {
				ASSETCATALOG_COMPILER_APPICON_NAME = AppIcon;
				ASSETCATALOG_COMPILER_GLOBAL_ACCENT_COLOR_NAME = AccentColor;
				CODE_SIGN_STYLE = Automatic;
				CURRENT_PROJECT_VERSION = 1;
				DEVELOPMENT_TEAM = PLV5U7588B;
				GENERATE_INFOPLIST_FILE = YES;
				INFOPLIST_FILE = Viagens/Info.plist;
				INFOPLIST_KEY_UIApplicationSupportsIndirectInputEvents = YES;
				INFOPLIST_KEY_UILaunchStoryboardName = LaunchScreen;
				INFOPLIST_KEY_UIMainStoryboardFile = Main;
				INFOPLIST_KEY_UISupportedInterfaceOrientations_iPad = "UIInterfaceOrientationPortrait UIInterfaceOrientationPortraitUpsideDown UIInterfaceOrientationLandscapeLeft UIInterfaceOrientationLandscapeRight";
				INFOPLIST_KEY_UISupportedInterfaceOrientations_iPhone = "UIInterfaceOrientationPortrait UIInterfaceOrientationLandscapeLeft UIInterfaceOrientationLandscapeRight";
				LD_RUNPATH_SEARCH_PATHS = (
					"$(inherited)",
					"@executable_path/Frameworks",
				);
				MARKETING_VERSION = 1.0;
				PRODUCT_BUNDLE_IDENTIFIER = com.brunocassiano.Viagens;
				PRODUCT_NAME = "$(TARGET_NAME)";
				SWIFT_EMIT_LOC_STRINGS = YES;
				SWIFT_VERSION = 5.0;
				TARGETED_DEVICE_FAMILY = "1,2";
			};
			name = Release;
		};
/* End XCBuildConfiguration section */

/* Begin XCConfigurationList section */
		F418ED5A279820D90025C7FC /* Build configuration list for PBXProject "Viagens" */ = {
			isa = XCConfigurationList;
			buildConfigurations = (
				F418ED71279820EB0025C7FC /* Debug */,
				F418ED72279820EB0025C7FC /* Release */,
			);
			defaultConfigurationIsVisible = 0;
			defaultConfigurationName = Release;
		};
		F418ED73279820EB0025C7FC /* Build configuration list for PBXNativeTarget "Viagens" */ = {
			isa = XCConfigurationList;
			buildConfigurations = (
				F418ED74279820EB0025C7FC /* Debug */,
				F418ED75279820EB0025C7FC /* Release */,
			);
			defaultConfigurationIsVisible = 0;
			defaultConfigurationName = Release;
		};
/* End XCConfigurationList section */
	};
	rootObject = F418ED57279820D90025C7FC /* Project object */;
}
